{
  "nodes": {
    "nixpkgs": {
      "locked": {
        "lastModified": 1712129508,
        "narHash": "sha256-FBVpEX0eLiqX3jnSL3rmJHqHhbuCikJZyDyV3Cl3qAY=",
        "owner": "NixOS",
        "repo": "nixpkgs",
        "rev": "d03a4482228d4d6dbd2d4b425b6dfcd49ebe765f",
        "type": "github"
      },
      "original": {
        "owner": "NixOS",
        "ref": "nixpkgs-unstable",
        "repo": "nixpkgs",
        "type": "github"
      }
    },
    "root": {
      "inputs": {
        "nixpkgs": "nixpkgs"
      }
    }
  },
  "root": "root",
  "version": 7
}
