{
  "nodes": {
    "nixpkgs": {
      "locked": {
        "lastModified": 1712159163,
        "narHash": "sha256-dOQAAr9adh00rlCg/eq6GwXo+pH0VC7RyE5uWzzAFLo=",
        "owner": "NixOS",
        "repo": "nixpkgs",
        "rev": "67e2bc037137e4fdcf6b3132a4f54c165726500b",
        "type": "github"
      },
      "original": {
        "owner": "NixOS",
        "ref": "nixpkgs-unstable",
        "repo": "nixpkgs",
        "type": "github"
      }
    },
    "root": {
      "inputs": {
        "nixpkgs": "nixpkgs"
      }
    }
  },
  "root": "root",
  "version": 7
}
